// !$*UTF8*$!
{
	archiveVersion = 1;
	classes = {
	};
	objectVersion = 46;
	objects = {

/* Begin PBXBuildFile section */
		180DBEF91EDD28CC00AB7201 /* AppDelegate.swift in Sources */ = {isa = PBXBuildFile; fileRef = 180DBEF81EDD28CC00AB7201 /* AppDelegate.swift */; };
		180DBEFB1EDD28CC00AB7201 /* ViewController.swift in Sources */ = {isa = PBXBuildFile; fileRef = 180DBEFA1EDD28CC00AB7201 /* ViewController.swift */; };
		180DBEFE1EDD28CC00AB7201 /* Main.storyboard in Resources */ = {isa = PBXBuildFile; fileRef = 180DBEFC1EDD28CC00AB7201 /* Main.storyboard */; };
		180DBF001EDD28CC00AB7201 /* Assets.xcassets in Resources */ = {isa = PBXBuildFile; fileRef = 180DBEFF1EDD28CC00AB7201 /* Assets.xcassets */; };
		180DBF031EDD28CC00AB7201 /* LaunchScreen.storyboard in Resources */ = {isa = PBXBuildFile; fileRef = 180DBF011EDD28CC00AB7201 /* LaunchScreen.storyboard */; };
		180DBF0E1EDD28CC00AB7201 /* SmartWorkTests.swift in Sources */ = {isa = PBXBuildFile; fileRef = 180DBF0D1EDD28CC00AB7201 /* SmartWorkTests.swift */; };
		180DBF191EDD28CC00AB7201 /* SmartWorkUITests.swift in Sources */ = {isa = PBXBuildFile; fileRef = 180DBF181EDD28CC00AB7201 /* SmartWorkUITests.swift */; };
		182005811EED28D20033695E /* SWHttpResponse.swift in Sources */ = {isa = PBXBuildFile; fileRef = 182005801EED28D20033695E /* SWHttpResponse.swift */; };
		182DDB8C1F3B3295004B34BD /* SWWeixin.swift in Sources */ = {isa = PBXBuildFile; fileRef = 182DDB8B1F3B3295004B34BD /* SWWeixin.swift */; };
		1849CEAB1EDD529D009B1043 /* SWPublic.swift in Sources */ = {isa = PBXBuildFile; fileRef = 1849CEAA1EDD529D009B1043 /* SWPublic.swift */; };
		184C71E91F08CE3000009C2E /* SWApiPost.swift in Sources */ = {isa = PBXBuildFile; fileRef = 184C71E81F08CE3000009C2E /* SWApiPost.swift */; };
		184C71EB1F08CE4200009C2E /* SWApiPatch.swift in Sources */ = {isa = PBXBuildFile; fileRef = 184C71EA1F08CE4200009C2E /* SWApiPatch.swift */; };
		184C71ED1F08CE4E00009C2E /* SWApiPut.swift in Sources */ = {isa = PBXBuildFile; fileRef = 184C71EC1F08CE4E00009C2E /* SWApiPut.swift */; };
		184C71EF1F08CE5900009C2E /* SWApiDelete.swift in Sources */ = {isa = PBXBuildFile; fileRef = 184C71EE1F08CE5900009C2E /* SWApiDelete.swift */; };
		184C71F21F08D04900009C2E /* SWSecret.m in Sources */ = {isa = PBXBuildFile; fileRef = 184C71F11F08D04900009C2E /* SWSecret.m */; };
		1858964D1EECFC220011E0F2 /* SWApiObject.swift in Sources */ = {isa = PBXBuildFile; fileRef = 1858964C1EECFC220011E0F2 /* SWApiObject.swift */; };
		18D4B2F01EECEEE900478216 /* SWApiGet.swift in Sources */ = {isa = PBXBuildFile; fileRef = 18D4B2EF1EECEEE900478216 /* SWApiGet.swift */; };
		18DD11351F3FDDB800D198BB /* Security.framework in Frameworks */ = {isa = PBXBuildFile; fileRef = 18DD11341F3FDDB800D198BB /* Security.framework */; };
		18DD11371F3FDDD500D198BB /* libiconv.tbd in Frameworks */ = {isa = PBXBuildFile; fileRef = 18DD11361F3FDDD500D198BB /* libiconv.tbd */; };
		18DD11391F3FDDDE00D198BB /* SystemConfiguration.framework in Frameworks */ = {isa = PBXBuildFile; fileRef = 18DD11381F3FDDDE00D198BB /* SystemConfiguration.framework */; };
		18DD113B1F3FDDE800D198BB /* CoreGraphics.framework in Frameworks */ = {isa = PBXBuildFile; fileRef = 18DD113A1F3FDDE800D198BB /* CoreGraphics.framework */; };
		18DD113D1F3FDDF400D198BB /* libsqlite3.tbd in Frameworks */ = {isa = PBXBuildFile; fileRef = 18DD113C1F3FDDF400D198BB /* libsqlite3.tbd */; };
		18DD113F1F3FDDFB00D198BB /* CoreTelephony.framework in Frameworks */ = {isa = PBXBuildFile; fileRef = 18DD113E1F3FDDFB00D198BB /* CoreTelephony.framework */; };
		18DD11411F3FDE0500D198BB /* libstdc++.tbd in Frameworks */ = {isa = PBXBuildFile; fileRef = 18DD11401F3FDE0500D198BB /* libstdc++.tbd */; };
		18DD11431F3FDE0F00D198BB /* libz.tbd in Frameworks */ = {isa = PBXBuildFile; fileRef = 18DD11421F3FDE0F00D198BB /* libz.tbd */; };
		18DD11461F3FE08D00D198BB /* TencentOpenApi_IOS_Bundle.bundle in Resources */ = {isa = PBXBuildFile; fileRef = 18DD11441F3FE08D00D198BB /* TencentOpenApi_IOS_Bundle.bundle */; };
		18DD11471F3FE08D00D198BB /* TencentOpenAPI.framework in Frameworks */ = {isa = PBXBuildFile; fileRef = 18DD11451F3FE08D00D198BB /* TencentOpenAPI.framework */; };
		18DD11491F3FE0F500D198BB /* SWQQ.swift in Sources */ = {isa = PBXBuildFile; fileRef = 18DD11481F3FE0F500D198BB /* SWQQ.swift */; };
		DF9469B085FB49BF1194BC76 /* Pods_SmartWork.framework in Frameworks */ = {isa = PBXBuildFile; fileRef = 5E48A34DA2CB9460D5661CC3 /* Pods_SmartWork.framework */; };
/* End PBXBuildFile section */

/* Begin PBXContainerItemProxy section */
		180DBF0A1EDD28CC00AB7201 /* PBXContainerItemProxy */ = {
			isa = PBXContainerItemProxy;
			containerPortal = 180DBEED1EDD28CC00AB7201 /* Project object */;
			proxyType = 1;
			remoteGlobalIDString = 180DBEF41EDD28CC00AB7201;
			remoteInfo = SmartWork;
		};
		180DBF151EDD28CC00AB7201 /* PBXContainerItemProxy */ = {
			isa = PBXContainerItemProxy;
			containerPortal = 180DBEED1EDD28CC00AB7201 /* Project object */;
			proxyType = 1;
			remoteGlobalIDString = 180DBEF41EDD28CC00AB7201;
			remoteInfo = SmartWork;
		};
/* End PBXContainerItemProxy section */

/* Begin PBXFileReference section */
		180DBEF51EDD28CC00AB7201 /* SmartWork.app */ = {isa = PBXFileReference; explicitFileType = wrapper.application; includeInIndex = 0; path = SmartWork.app; sourceTree = BUILT_PRODUCTS_DIR; };
		180DBEF81EDD28CC00AB7201 /* AppDelegate.swift */ = {isa = PBXFileReference; lastKnownFileType = sourcecode.swift; path = AppDelegate.swift; sourceTree = "<group>"; };
		180DBEFA1EDD28CC00AB7201 /* ViewController.swift */ = {isa = PBXFileReference; lastKnownFileType = sourcecode.swift; path = ViewController.swift; sourceTree = "<group>"; };
		180DBEFD1EDD28CC00AB7201 /* Base */ = {isa = PBXFileReference; lastKnownFileType = file.storyboard; name = Base; path = Base.lproj/Main.storyboard; sourceTree = "<group>"; };
		180DBEFF1EDD28CC00AB7201 /* Assets.xcassets */ = {isa = PBXFileReference; lastKnownFileType = folder.assetcatalog; path = Assets.xcassets; sourceTree = "<group>"; };
		180DBF021EDD28CC00AB7201 /* Base */ = {isa = PBXFileReference; lastKnownFileType = file.storyboard; name = Base; path = Base.lproj/LaunchScreen.storyboard; sourceTree = "<group>"; };
		180DBF041EDD28CC00AB7201 /* Info.plist */ = {isa = PBXFileReference; lastKnownFileType = text.plist.xml; path = Info.plist; sourceTree = "<group>"; };
		180DBF091EDD28CC00AB7201 /* SmartWorkTests.xctest */ = {isa = PBXFileReference; explicitFileType = wrapper.cfbundle; includeInIndex = 0; path = SmartWorkTests.xctest; sourceTree = BUILT_PRODUCTS_DIR; };
		180DBF0D1EDD28CC00AB7201 /* SmartWorkTests.swift */ = {isa = PBXFileReference; lastKnownFileType = sourcecode.swift; path = SmartWorkTests.swift; sourceTree = "<group>"; };
		180DBF0F1EDD28CC00AB7201 /* Info.plist */ = {isa = PBXFileReference; lastKnownFileType = text.plist.xml; path = Info.plist; sourceTree = "<group>"; };
		180DBF141EDD28CC00AB7201 /* SmartWorkUITests.xctest */ = {isa = PBXFileReference; explicitFileType = wrapper.cfbundle; includeInIndex = 0; path = SmartWorkUITests.xctest; sourceTree = BUILT_PRODUCTS_DIR; };
		180DBF181EDD28CC00AB7201 /* SmartWorkUITests.swift */ = {isa = PBXFileReference; lastKnownFileType = sourcecode.swift; path = SmartWorkUITests.swift; sourceTree = "<group>"; };
		180DBF1A1EDD28CC00AB7201 /* Info.plist */ = {isa = PBXFileReference; lastKnownFileType = text.plist.xml; path = Info.plist; sourceTree = "<group>"; };
		182005801EED28D20033695E /* SWHttpResponse.swift */ = {isa = PBXFileReference; fileEncoding = 4; lastKnownFileType = sourcecode.swift; path = SWHttpResponse.swift; sourceTree = "<group>"; };
		182DDB8B1F3B3295004B34BD /* SWWeixin.swift */ = {isa = PBXFileReference; fileEncoding = 4; lastKnownFileType = sourcecode.swift; path = SWWeixin.swift; sourceTree = "<group>"; };
		1849CEAA1EDD529D009B1043 /* SWPublic.swift */ = {isa = PBXFileReference; fileEncoding = 4; lastKnownFileType = sourcecode.swift; path = SWPublic.swift; sourceTree = "<group>"; };
		184C71E81F08CE3000009C2E /* SWApiPost.swift */ = {isa = PBXFileReference; fileEncoding = 4; lastKnownFileType = sourcecode.swift; path = SWApiPost.swift; sourceTree = "<group>"; };
		184C71EA1F08CE4200009C2E /* SWApiPatch.swift */ = {isa = PBXFileReference; fileEncoding = 4; lastKnownFileType = sourcecode.swift; path = SWApiPatch.swift; sourceTree = "<group>"; };
		184C71EC1F08CE4E00009C2E /* SWApiPut.swift */ = {isa = PBXFileReference; fileEncoding = 4; lastKnownFileType = sourcecode.swift; path = SWApiPut.swift; sourceTree = "<group>"; };
		184C71EE1F08CE5900009C2E /* SWApiDelete.swift */ = {isa = PBXFileReference; fileEncoding = 4; lastKnownFileType = sourcecode.swift; path = SWApiDelete.swift; sourceTree = "<group>"; };
		184C71F01F08D04900009C2E /* SWSecret.h */ = {isa = PBXFileReference; fileEncoding = 4; lastKnownFileType = sourcecode.c.h; path = SWSecret.h; sourceTree = "<group>"; };
		184C71F11F08D04900009C2E /* SWSecret.m */ = {isa = PBXFileReference; fileEncoding = 4; lastKnownFileType = sourcecode.c.objc; path = SWSecret.m; sourceTree = "<group>"; };
		1858964C1EECFC220011E0F2 /* SWApiObject.swift */ = {isa = PBXFileReference; fileEncoding = 4; lastKnownFileType = sourcecode.swift; path = SWApiObject.swift; sourceTree = "<group>"; };
		18D4B2EF1EECEEE900478216 /* SWApiGet.swift */ = {isa = PBXFileReference; fileEncoding = 4; lastKnownFileType = sourcecode.swift; path = SWApiGet.swift; sourceTree = "<group>"; };
		18DD11341F3FDDB800D198BB /* Security.framework */ = {isa = PBXFileReference; lastKnownFileType = wrapper.framework; name = Security.framework; path = System/Library/Frameworks/Security.framework; sourceTree = SDKROOT; };
		18DD11361F3FDDD500D198BB /* libiconv.tbd */ = {isa = PBXFileReference; lastKnownFileType = "sourcecode.text-based-dylib-definition"; name = libiconv.tbd; path = usr/lib/libiconv.tbd; sourceTree = SDKROOT; };
		18DD11381F3FDDDE00D198BB /* SystemConfiguration.framework */ = {isa = PBXFileReference; lastKnownFileType = wrapper.framework; name = SystemConfiguration.framework; path = System/Library/Frameworks/SystemConfiguration.framework; sourceTree = SDKROOT; };
		18DD113A1F3FDDE800D198BB /* CoreGraphics.framework */ = {isa = PBXFileReference; lastKnownFileType = wrapper.framework; name = CoreGraphics.framework; path = System/Library/Frameworks/CoreGraphics.framework; sourceTree = SDKROOT; };
		18DD113C1F3FDDF400D198BB /* libsqlite3.tbd */ = {isa = PBXFileReference; lastKnownFileType = "sourcecode.text-based-dylib-definition"; name = libsqlite3.tbd; path = usr/lib/libsqlite3.tbd; sourceTree = SDKROOT; };
		18DD113E1F3FDDFB00D198BB /* CoreTelephony.framework */ = {isa = PBXFileReference; lastKnownFileType = wrapper.framework; name = CoreTelephony.framework; path = System/Library/Frameworks/CoreTelephony.framework; sourceTree = SDKROOT; };
		18DD11401F3FDE0500D198BB /* libstdc++.tbd */ = {isa = PBXFileReference; lastKnownFileType = "sourcecode.text-based-dylib-definition"; name = "libstdc++.tbd"; path = "usr/lib/libstdc++.tbd"; sourceTree = SDKROOT; };
		18DD11421F3FDE0F00D198BB /* libz.tbd */ = {isa = PBXFileReference; lastKnownFileType = "sourcecode.text-based-dylib-definition"; name = libz.tbd; path = usr/lib/libz.tbd; sourceTree = SDKROOT; };
		18DD11441F3FE08D00D198BB /* TencentOpenApi_IOS_Bundle.bundle */ = {isa = PBXFileReference; lastKnownFileType = "wrapper.plug-in"; path = TencentOpenApi_IOS_Bundle.bundle; sourceTree = "<group>"; };
		18DD11451F3FE08D00D198BB /* TencentOpenAPI.framework */ = {isa = PBXFileReference; lastKnownFileType = wrapper.framework; path = TencentOpenAPI.framework; sourceTree = "<group>"; };
		18DD11481F3FE0F500D198BB /* SWQQ.swift */ = {isa = PBXFileReference; fileEncoding = 4; lastKnownFileType = sourcecode.swift; path = SWQQ.swift; sourceTree = "<group>"; };
		18FA19B31EE3D857009BC19E /* SmartWork-Bridging-Header.h */ = {isa = PBXFileReference; lastKnownFileType = sourcecode.c.h; name = "SmartWork-Bridging-Header.h"; path = "Public/SmartWork-Bridging-Header.h"; sourceTree = "<group>"; };
		35B14B1DAA736DA0993D4D05 /* Pods-SmartWork.release.xcconfig */ = {isa = PBXFileReference; includeInIndex = 1; lastKnownFileType = text.xcconfig; name = "Pods-SmartWork.release.xcconfig"; path = "Pods/Target Support Files/Pods-SmartWork/Pods-SmartWork.release.xcconfig"; sourceTree = "<group>"; };
		5E48A34DA2CB9460D5661CC3 /* Pods_SmartWork.framework */ = {isa = PBXFileReference; explicitFileType = wrapper.framework; includeInIndex = 0; path = Pods_SmartWork.framework; sourceTree = BUILT_PRODUCTS_DIR; };
		CD7252361AF208942E3918D4 /* Pods-SmartWork.debug.xcconfig */ = {isa = PBXFileReference; includeInIndex = 1; lastKnownFileType = text.xcconfig; name = "Pods-SmartWork.debug.xcconfig"; path = "Pods/Target Support Files/Pods-SmartWork/Pods-SmartWork.debug.xcconfig"; sourceTree = "<group>"; };
/* End PBXFileReference section */

/* Begin PBXFrameworksBuildPhase section */
		180DBEF21EDD28CC00AB7201 /* Frameworks */ = {
			isa = PBXFrameworksBuildPhase;
			buildActionMask = 2147483647;
			files = (
				18DD11431F3FDE0F00D198BB /* libz.tbd in Frameworks */,
				18DD11411F3FDE0500D198BB /* libstdc++.tbd in Frameworks */,
				18DD113F1F3FDDFB00D198BB /* CoreTelephony.framework in Frameworks */,
				18DD113D1F3FDDF400D198BB /* libsqlite3.tbd in Frameworks */,
				18DD113B1F3FDDE800D198BB /* CoreGraphics.framework in Frameworks */,
				18DD11471F3FE08D00D198BB /* TencentOpenAPI.framework in Frameworks */,
				18DD11391F3FDDDE00D198BB /* SystemConfiguration.framework in Frameworks */,
				18DD11371F3FDDD500D198BB /* libiconv.tbd in Frameworks */,
				18DD11351F3FDDB800D198BB /* Security.framework in Frameworks */,
				DF9469B085FB49BF1194BC76 /* Pods_SmartWork.framework in Frameworks */,
			);
			runOnlyForDeploymentPostprocessing = 0;
		};
		180DBF061EDD28CC00AB7201 /* Frameworks */ = {
			isa = PBXFrameworksBuildPhase;
			buildActionMask = 2147483647;
			files = (
			);
			runOnlyForDeploymentPostprocessing = 0;
		};
		180DBF111EDD28CC00AB7201 /* Frameworks */ = {
			isa = PBXFrameworksBuildPhase;
			buildActionMask = 2147483647;
			files = (
			);
			runOnlyForDeploymentPostprocessing = 0;
		};
/* End PBXFrameworksBuildPhase section */

/* Begin PBXGroup section */
		180DBEEC1EDD28CC00AB7201 = {
			isa = PBXGroup;
			children = (
				180DBEF71EDD28CC00AB7201 /* SmartWork */,
				180DBF0C1EDD28CC00AB7201 /* SmartWorkTests */,
				180DBF171EDD28CC00AB7201 /* SmartWorkUITests */,
				180DBEF61EDD28CC00AB7201 /* Products */,
				54EDAD01DB8B30C63115F977 /* Pods */,
				2F23759E9417E4FBB4C13F0B /* Frameworks */,
			);
			sourceTree = "<group>";
		};
		180DBEF61EDD28CC00AB7201 /* Products */ = {
			isa = PBXGroup;
			children = (
				180DBEF51EDD28CC00AB7201 /* SmartWork.app */,
				180DBF091EDD28CC00AB7201 /* SmartWorkTests.xctest */,
				180DBF141EDD28CC00AB7201 /* SmartWorkUITests.xctest */,
			);
			name = Products;
			sourceTree = "<group>";
		};
		180DBEF71EDD28CC00AB7201 /* SmartWork */ = {
			isa = PBXGroup;
			children = (
				182DDB8A1F3B2FE9004B34BD /* Lib3 */,
				18D4B2EE1EECEECA00478216 /* SWApi */,
				1849CEA91EDD5282009B1043 /* SmartWorkSDK */,
				18FA19C91EE3FF1C009BC19E /* UI */,
				180DBEF81EDD28CC00AB7201 /* AppDelegate.swift */,
				180DBEFA1EDD28CC00AB7201 /* ViewController.swift */,
				18FA19B31EE3D857009BC19E /* SmartWork-Bridging-Header.h */,
				180DBEFC1EDD28CC00AB7201 /* Main.storyboard */,
				180DBEFF1EDD28CC00AB7201 /* Assets.xcassets */,
				180DBF011EDD28CC00AB7201 /* LaunchScreen.storyboard */,
				180DBF041EDD28CC00AB7201 /* Info.plist */,
			);
			path = SmartWork;
			sourceTree = "<group>";
		};
		180DBF0C1EDD28CC00AB7201 /* SmartWorkTests */ = {
			isa = PBXGroup;
			children = (
				180DBF0D1EDD28CC00AB7201 /* SmartWorkTests.swift */,
				180DBF0F1EDD28CC00AB7201 /* Info.plist */,
			);
			path = SmartWorkTests;
			sourceTree = "<group>";
		};
		180DBF171EDD28CC00AB7201 /* SmartWorkUITests */ = {
			isa = PBXGroup;
			children = (
				180DBF181EDD28CC00AB7201 /* SmartWorkUITests.swift */,
				180DBF1A1EDD28CC00AB7201 /* Info.plist */,
			);
			path = SmartWorkUITests;
			sourceTree = "<group>";
		};
		182DDB8A1F3B2FE9004B34BD /* Lib3 */ = {
			isa = PBXGroup;
			children = (
				18DD11441F3FE08D00D198BB /* TencentOpenApi_IOS_Bundle.bundle */,
				18DD11451F3FE08D00D198BB /* TencentOpenAPI.framework */,
				182DDB8B1F3B3295004B34BD /* SWWeixin.swift */,
				18DD11481F3FE0F500D198BB /* SWQQ.swift */,
			);
			path = Lib3;
			sourceTree = "<group>";
		};
		1849CEA91EDD5282009B1043 /* SmartWorkSDK */ = {
			isa = PBXGroup;
			children = (
				1849CEAA1EDD529D009B1043 /* SWPublic.swift */,
			);
			name = SmartWorkSDK;
			path = Public;
			sourceTree = "<group>";
		};
		18D4B2EE1EECEECA00478216 /* SWApi */ = {
			isa = PBXGroup;
			children = (
				18D4B2EF1EECEEE900478216 /* SWApiGet.swift */,
				184C71E81F08CE3000009C2E /* SWApiPost.swift */,
				184C71EA1F08CE4200009C2E /* SWApiPatch.swift */,
				184C71EC1F08CE4E00009C2E /* SWApiPut.swift */,
				184C71EE1F08CE5900009C2E /* SWApiDelete.swift */,
				182005801EED28D20033695E /* SWHttpResponse.swift */,
				184C71F01F08D04900009C2E /* SWSecret.h */,
				184C71F11F08D04900009C2E /* SWSecret.m */,
				1858964C1EECFC220011E0F2 /* SWApiObject.swift */,
			);
			path = SWApi;
			sourceTree = "<group>";
		};
		18FA19C91EE3FF1C009BC19E /* UI */ = {
			isa = PBXGroup;
			children = (
			);
			path = UI;
			sourceTree = "<group>";
		};
		2F23759E9417E4FBB4C13F0B /* Frameworks */ = {
			isa = PBXGroup;
			children = (
				18DD11421F3FDE0F00D198BB /* libz.tbd */,
				18DD11401F3FDE0500D198BB /* libstdc++.tbd */,
				18DD113E1F3FDDFB00D198BB /* CoreTelephony.framework */,
				18DD113C1F3FDDF400D198BB /* libsqlite3.tbd */,
				18DD113A1F3FDDE800D198BB /* CoreGraphics.framework */,
				18DD11381F3FDDDE00D198BB /* SystemConfiguration.framework */,
				18DD11361F3FDDD500D198BB /* libiconv.tbd */,
				18DD11341F3FDDB800D198BB /* Security.framework */,
				5E48A34DA2CB9460D5661CC3 /* Pods_SmartWork.framework */,
			);
			name = Frameworks;
			sourceTree = "<group>";
		};
		54EDAD01DB8B30C63115F977 /* Pods */ = {
			isa = PBXGroup;
			children = (
				CD7252361AF208942E3918D4 /* Pods-SmartWork.debug.xcconfig */,
				35B14B1DAA736DA0993D4D05 /* Pods-SmartWork.release.xcconfig */,
			);
			name = Pods;
			sourceTree = "<group>";
		};
/* End PBXGroup section */

/* Begin PBXNativeTarget section */
		180DBEF41EDD28CC00AB7201 /* SmartWork */ = {
			isa = PBXNativeTarget;
			buildConfigurationList = 180DBF1D1EDD28CC00AB7201 /* Build configuration list for PBXNativeTarget "SmartWork" */;
			buildPhases = (
				78CF987F9E3A01458D616D6B /* [CP] Check Pods Manifest.lock */,
				180DBEF11EDD28CC00AB7201 /* Sources */,
				180DBEF21EDD28CC00AB7201 /* Frameworks */,
				180DBEF31EDD28CC00AB7201 /* Resources */,
				40D17FC316D3C21CDCA2FFDA /* [CP] Embed Pods Frameworks */,
				A5F1A0D462DE3F9176EB7711 /* [CP] Copy Pods Resources */,
			);
			buildRules = (
			);
			dependencies = (
			);
			name = SmartWork;
			productName = SmartWork;
			productReference = 180DBEF51EDD28CC00AB7201 /* SmartWork.app */;
			productType = "com.apple.product-type.application";
		};
		180DBF081EDD28CC00AB7201 /* SmartWorkTests */ = {
			isa = PBXNativeTarget;
			buildConfigurationList = 180DBF201EDD28CC00AB7201 /* Build configuration list for PBXNativeTarget "SmartWorkTests" */;
			buildPhases = (
				180DBF051EDD28CC00AB7201 /* Sources */,
				180DBF061EDD28CC00AB7201 /* Frameworks */,
				180DBF071EDD28CC00AB7201 /* Resources */,
			);
			buildRules = (
			);
			dependencies = (
				180DBF0B1EDD28CC00AB7201 /* PBXTargetDependency */,
			);
			name = SmartWorkTests;
			productName = SmartWorkTests;
			productReference = 180DBF091EDD28CC00AB7201 /* SmartWorkTests.xctest */;
			productType = "com.apple.product-type.bundle.unit-test";
		};
		180DBF131EDD28CC00AB7201 /* SmartWorkUITests */ = {
			isa = PBXNativeTarget;
			buildConfigurationList = 180DBF231EDD28CC00AB7201 /* Build configuration list for PBXNativeTarget "SmartWorkUITests" */;
			buildPhases = (
				180DBF101EDD28CC00AB7201 /* Sources */,
				180DBF111EDD28CC00AB7201 /* Frameworks */,
				180DBF121EDD28CC00AB7201 /* Resources */,
			);
			buildRules = (
			);
			dependencies = (
				180DBF161EDD28CC00AB7201 /* PBXTargetDependency */,
			);
			name = SmartWorkUITests;
			productName = SmartWorkUITests;
			productReference = 180DBF141EDD28CC00AB7201 /* SmartWorkUITests.xctest */;
			productType = "com.apple.product-type.bundle.ui-testing";
		};
/* End PBXNativeTarget section */

/* Begin PBXProject section */
		180DBEED1EDD28CC00AB7201 /* Project object */ = {
			isa = PBXProject;
			attributes = {
				LastSwiftUpdateCheck = 0830;
				LastUpgradeCheck = 0830;
				ORGANIZATIONNAME = NicoDeng;
				TargetAttributes = {
					180DBEF41EDD28CC00AB7201 = {
						CreatedOnToolsVersion = 8.3.2;
						LastSwiftMigration = 0830;
						ProvisioningStyle = Automatic;
					};
					180DBF081EDD28CC00AB7201 = {
						CreatedOnToolsVersion = 8.3.2;
						ProvisioningStyle = Automatic;
						TestTargetID = 180DBEF41EDD28CC00AB7201;
					};
					180DBF131EDD28CC00AB7201 = {
						CreatedOnToolsVersion = 8.3.2;
						ProvisioningStyle = Automatic;
						TestTargetID = 180DBEF41EDD28CC00AB7201;
					};
				};
			};
			buildConfigurationList = 180DBEF01EDD28CC00AB7201 /* Build configuration list for PBXProject "SmartWork" */;
			compatibilityVersion = "Xcode 3.2";
			developmentRegion = English;
			hasScannedForEncodings = 0;
			knownRegions = (
				en,
				Base,
			);
			mainGroup = 180DBEEC1EDD28CC00AB7201;
			productRefGroup = 180DBEF61EDD28CC00AB7201 /* Products */;
			projectDirPath = "";
			projectRoot = "";
			targets = (
				180DBEF41EDD28CC00AB7201 /* SmartWork */,
				180DBF081EDD28CC00AB7201 /* SmartWorkTests */,
				180DBF131EDD28CC00AB7201 /* SmartWorkUITests */,
			);
		};
/* End PBXProject section */

/* Begin PBXResourcesBuildPhase section */
		180DBEF31EDD28CC00AB7201 /* Resources */ = {
			isa = PBXResourcesBuildPhase;
			buildActionMask = 2147483647;
			files = (
				18DD11461F3FE08D00D198BB /* TencentOpenApi_IOS_Bundle.bundle in Resources */,
				180DBF031EDD28CC00AB7201 /* LaunchScreen.storyboard in Resources */,
				180DBF001EDD28CC00AB7201 /* Assets.xcassets in Resources */,
				180DBEFE1EDD28CC00AB7201 /* Main.storyboard in Resources */,
			);
			runOnlyForDeploymentPostprocessing = 0;
		};
		180DBF071EDD28CC00AB7201 /* Resources */ = {
			isa = PBXResourcesBuildPhase;
			buildActionMask = 2147483647;
			files = (
			);
			runOnlyForDeploymentPostprocessing = 0;
		};
		180DBF121EDD28CC00AB7201 /* Resources */ = {
			isa = PBXResourcesBuildPhase;
			buildActionMask = 2147483647;
			files = (
			);
			runOnlyForDeploymentPostprocessing = 0;
		};
/* End PBXResourcesBuildPhase section */

/* Begin PBXShellScriptBuildPhase section */
		40D17FC316D3C21CDCA2FFDA /* [CP] Embed Pods Frameworks */ = {
			isa = PBXShellScriptBuildPhase;
			buildActionMask = 2147483647;
			files = (
			);
			inputPaths = (
			);
			name = "[CP] Embed Pods Frameworks";
			outputPaths = (
			);
			runOnlyForDeploymentPostprocessing = 0;
			shellPath = /bin/sh;
			shellScript = "\"${SRCROOT}/Pods/Target Support Files/Pods-SmartWork/Pods-SmartWork-frameworks.sh\"\n";
			showEnvVarsInLog = 0;
		};
		78CF987F9E3A01458D616D6B /* [CP] Check Pods Manifest.lock */ = {
			isa = PBXShellScriptBuildPhase;
			buildActionMask = 2147483647;
			files = (
			);
			inputPaths = (
			);
			name = "[CP] Check Pods Manifest.lock";
			outputPaths = (
			);
			runOnlyForDeploymentPostprocessing = 0;
			shellPath = /bin/sh;
			shellScript = "diff \"${PODS_PODFILE_DIR_PATH}/Podfile.lock\" \"${PODS_ROOT}/Manifest.lock\" > /dev/null\nif [ $? != 0 ] ; then\n    # print error to STDERR\n    echo \"error: The sandbox is not in sync with the Podfile.lock. Run 'pod install' or update your CocoaPods installation.\" >&2\n    exit 1\nfi\n";
			showEnvVarsInLog = 0;
		};
		A5F1A0D462DE3F9176EB7711 /* [CP] Copy Pods Resources */ = {
			isa = PBXShellScriptBuildPhase;
			buildActionMask = 2147483647;
			files = (
			);
			inputPaths = (
			);
			name = "[CP] Copy Pods Resources";
			outputPaths = (
			);
			runOnlyForDeploymentPostprocessing = 0;
			shellPath = /bin/sh;
			shellScript = "\"${SRCROOT}/Pods/Target Support Files/Pods-SmartWork/Pods-SmartWork-resources.sh\"\n";
			showEnvVarsInLog = 0;
		};
/* End PBXShellScriptBuildPhase section */

/* Begin PBXSourcesBuildPhase section */
		180DBEF11EDD28CC00AB7201 /* Sources */ = {
			isa = PBXSourcesBuildPhase;
			buildActionMask = 2147483647;
			files = (
				182005811EED28D20033695E /* SWHttpResponse.swift in Sources */,
				1849CEAB1EDD529D009B1043 /* SWPublic.swift in Sources */,
				180DBEFB1EDD28CC00AB7201 /* ViewController.swift in Sources */,
				184C71F21F08D04900009C2E /* SWSecret.m in Sources */,
				18DD11491F3FE0F500D198BB /* SWQQ.swift in Sources */,
				184C71ED1F08CE4E00009C2E /* SWApiPut.swift in Sources */,
				1858964D1EECFC220011E0F2 /* SWApiObject.swift in Sources */,
				184C71E91F08CE3000009C2E /* SWApiPost.swift in Sources */,
				182DDB8C1F3B3295004B34BD /* SWWeixin.swift in Sources */,
				18D4B2F01EECEEE900478216 /* SWApiGet.swift in Sources */,
				184C71EF1F08CE5900009C2E /* SWApiDelete.swift in Sources */,
				180DBEF91EDD28CC00AB7201 /* AppDelegate.swift in Sources */,
				184C71EB1F08CE4200009C2E /* SWApiPatch.swift in Sources */,
			);
			runOnlyForDeploymentPostprocessing = 0;
		};
		180DBF051EDD28CC00AB7201 /* Sources */ = {
			isa = PBXSourcesBuildPhase;
			buildActionMask = 2147483647;
			files = (
				180DBF0E1EDD28CC00AB7201 /* SmartWorkTests.swift in Sources */,
			);
			runOnlyForDeploymentPostprocessing = 0;
		};
		180DBF101EDD28CC00AB7201 /* Sources */ = {
			isa = PBXSourcesBuildPhase;
			buildActionMask = 2147483647;
			files = (
				180DBF191EDD28CC00AB7201 /* SmartWorkUITests.swift in Sources */,
			);
			runOnlyForDeploymentPostprocessing = 0;
		};
/* End PBXSourcesBuildPhase section */

/* Begin PBXTargetDependency section */
		180DBF0B1EDD28CC00AB7201 /* PBXTargetDependency */ = {
			isa = PBXTargetDependency;
			target = 180DBEF41EDD28CC00AB7201 /* SmartWork */;
			targetProxy = 180DBF0A1EDD28CC00AB7201 /* PBXContainerItemProxy */;
		};
		180DBF161EDD28CC00AB7201 /* PBXTargetDependency */ = {
			isa = PBXTargetDependency;
			target = 180DBEF41EDD28CC00AB7201 /* SmartWork */;
			targetProxy = 180DBF151EDD28CC00AB7201 /* PBXContainerItemProxy */;
		};
/* End PBXTargetDependency section */

/* Begin PBXVariantGroup section */
		180DBEFC1EDD28CC00AB7201 /* Main.storyboard */ = {
			isa = PBXVariantGroup;
			children = (
				180DBEFD1EDD28CC00AB7201 /* Base */,
			);
			name = Main.storyboard;
			sourceTree = "<group>";
		};
		180DBF011EDD28CC00AB7201 /* LaunchScreen.storyboard */ = {
			isa = PBXVariantGroup;
			children = (
				180DBF021EDD28CC00AB7201 /* Base */,
			);
			name = LaunchScreen.storyboard;
			sourceTree = "<group>";
		};
/* End PBXVariantGroup section */

/* Begin XCBuildConfiguration section */
		180DBF1B1EDD28CC00AB7201 /* Debug */ = {
			isa = XCBuildConfiguration;
			buildSettings = {
				ALWAYS_SEARCH_USER_PATHS = NO;
				CLANG_ANALYZER_NONNULL = YES;
				CLANG_ANALYZER_NUMBER_OBJECT_CONVERSION = YES_AGGRESSIVE;
				CLANG_CXX_LANGUAGE_STANDARD = "gnu++0x";
				CLANG_CXX_LIBRARY = "libc++";
				CLANG_ENABLE_MODULES = YES;
				CLANG_ENABLE_OBJC_ARC = YES;
				CLANG_WARN_BOOL_CONVERSION = YES;
				CLANG_WARN_CONSTANT_CONVERSION = YES;
				CLANG_WARN_DIRECT_OBJC_ISA_USAGE = YES_ERROR;
				CLANG_WARN_DOCUMENTATION_COMMENTS = YES;
				CLANG_WARN_EMPTY_BODY = YES;
				CLANG_WARN_ENUM_CONVERSION = YES;
				CLANG_WARN_INFINITE_RECURSION = YES;
				CLANG_WARN_INT_CONVERSION = YES;
				CLANG_WARN_OBJC_ROOT_CLASS = YES_ERROR;
				CLANG_WARN_SUSPICIOUS_MOVE = YES;
				CLANG_WARN_UNREACHABLE_CODE = YES;
				CLANG_WARN__DUPLICATE_METHOD_MATCH = YES;
				"CODE_SIGN_IDENTITY[sdk=iphoneos*]" = "iPhone Developer";
				COPY_PHASE_STRIP = NO;
				DEBUG_INFORMATION_FORMAT = dwarf;
				ENABLE_STRICT_OBJC_MSGSEND = YES;
				ENABLE_TESTABILITY = YES;
				GCC_C_LANGUAGE_STANDARD = gnu99;
				GCC_DYNAMIC_NO_PIC = NO;
				GCC_NO_COMMON_BLOCKS = YES;
				GCC_OPTIMIZATION_LEVEL = 0;
				GCC_PREPROCESSOR_DEFINITIONS = (
					"DEBUG=1",
					"$(inherited)",
				);
				GCC_WARN_64_TO_32_BIT_CONVERSION = YES;
				GCC_WARN_ABOUT_RETURN_TYPE = YES_ERROR;
				GCC_WARN_UNDECLARED_SELECTOR = YES;
				GCC_WARN_UNINITIALIZED_AUTOS = YES_AGGRESSIVE;
				GCC_WARN_UNUSED_FUNCTION = YES;
				GCC_WARN_UNUSED_VARIABLE = YES;
				IPHONEOS_DEPLOYMENT_TARGET = 10.3;
				MTL_ENABLE_DEBUG_INFO = YES;
				ONLY_ACTIVE_ARCH = YES;
				SDKROOT = iphoneos;
				SWIFT_ACTIVE_COMPILATION_CONDITIONS = DEBUG;
				SWIFT_OPTIMIZATION_LEVEL = "-Onone";
			};
			name = Debug;
		};
		180DBF1C1EDD28CC00AB7201 /* Release */ = {
			isa = XCBuildConfiguration;
			buildSettings = {
				ALWAYS_SEARCH_USER_PATHS = NO;
				CLANG_ANALYZER_NONNULL = YES;
				CLANG_ANALYZER_NUMBER_OBJECT_CONVERSION = YES_AGGRESSIVE;
				CLANG_CXX_LANGUAGE_STANDARD = "gnu++0x";
				CLANG_CXX_LIBRARY = "libc++";
				CLANG_ENABLE_MODULES = YES;
				CLANG_ENABLE_OBJC_ARC = YES;
				CLANG_WARN_BOOL_CONVERSION = YES;
				CLANG_WARN_CONSTANT_CONVERSION = YES;
				CLANG_WARN_DIRECT_OBJC_ISA_USAGE = YES_ERROR;
				CLANG_WARN_DOCUMENTATION_COMMENTS = YES;
				CLANG_WARN_EMPTY_BODY = YES;
				CLANG_WARN_ENUM_CONVERSION = YES;
				CLANG_WARN_INFINITE_RECURSION = YES;
				CLANG_WARN_INT_CONVERSION = YES;
				CLANG_WARN_OBJC_ROOT_CLASS = YES_ERROR;
				CLANG_WARN_SUSPICIOUS_MOVE = YES;
				CLANG_WARN_UNREACHABLE_CODE = YES;
				CLANG_WARN__DUPLICATE_METHOD_MATCH = YES;
				"CODE_SIGN_IDENTITY[sdk=iphoneos*]" = "iPhone Developer";
				COPY_PHASE_STRIP = NO;
				DEBUG_INFORMATION_FORMAT = "dwarf-with-dsym";
				ENABLE_NS_ASSERTIONS = NO;
				ENABLE_STRICT_OBJC_MSGSEND = YES;
				GCC_C_LANGUAGE_STANDARD = gnu99;
				GCC_NO_COMMON_BLOCKS = YES;
				GCC_WARN_64_TO_32_BIT_CONVERSION = YES;
				GCC_WARN_ABOUT_RETURN_TYPE = YES_ERROR;
				GCC_WARN_UNDECLARED_SELECTOR = YES;
				GCC_WARN_UNINITIALIZED_AUTOS = YES_AGGRESSIVE;
				GCC_WARN_UNUSED_FUNCTION = YES;
				GCC_WARN_UNUSED_VARIABLE = YES;
				IPHONEOS_DEPLOYMENT_TARGET = 10.3;
				MTL_ENABLE_DEBUG_INFO = NO;
				SDKROOT = iphoneos;
				SWIFT_OPTIMIZATION_LEVEL = "-Owholemodule";
				VALIDATE_PRODUCT = YES;
			};
			name = Release;
		};
		180DBF1E1EDD28CC00AB7201 /* Debug */ = {
			isa = XCBuildConfiguration;
			baseConfigurationReference = CD7252361AF208942E3918D4 /* Pods-SmartWork.debug.xcconfig */;
			buildSettings = {
				ASSETCATALOG_COMPILER_APPICON_NAME = AppIcon;
				CLANG_ENABLE_MODULES = YES;
				FRAMEWORK_SEARCH_PATHS = (
					"$(inherited)",
					"\"$PODS_CONFIGURATION_BUILD_DIR/Alamofire\"",
					"\"$PODS_CONFIGURATION_BUILD_DIR/Kingfisher\"",
					"\"$PODS_CONFIGURATION_BUILD_DIR/MBProgressHUD\"",
					"\"$PODS_CONFIGURATION_BUILD_DIR/SwiftyJSON\"",
					"$(PROJECT_DIR)/SmartWork/Lib3",
				);
				INFOPLIST_FILE = SmartWork/Info.plist;
				IPHONEOS_DEPLOYMENT_TARGET = 8.0;
				LD_RUNPATH_SEARCH_PATHS = "$(inherited) @executable_path/Frameworks";
				OTHER_LDFLAGS = (
					"$(inherited)",
					"-ObjC",
					"-l\"WeChatSDK\"",
					"-l\"c++\"",
					"-l\"sqlite3.0\"",
					"-l\"z\"",
					"-framework",
					"\"Alamofire\"",
					"-framework",
					"\"CFNetwork\"",
					"-framework",
					"\"CoreTelephony\"",
					"-framework",
					"\"FMDB\"",
					"-framework",
					"\"HandyJSON\"",
					"-framework",
					"\"Kingfisher\"",
					"-framework",
					"\"LKDBHelper\"",
					"-framework",
					"\"MBProgressHUD\"",
					"-framework",
					"\"Moya\"",
					"-framework",
					"\"Result\"",
					"-framework",
					"\"Security\"",
					"-framework",
					"\"SwiftyJSON\"",
					"-framework",
					"\"SystemConfiguration\"",
					"-framework",
					"\"UIKit\"",
					"-fobjc-arc",
				);
				PRODUCT_BUNDLE_IDENTIFIER = com.Batman.SmartDo;
				PRODUCT_NAME = "$(TARGET_NAME)";
				SWIFT_OBJC_BRIDGING_HEADER = "SmartWork/Public/SmartWork-Bridging-Header.h";
				SWIFT_OPTIMIZATION_LEVEL = "-Onone";
				SWIFT_VERSION = 3.0;
				USER_HEADER_SEARCH_PATHS = "$(PODS_ROOT)/**";
			};
			name = Debug;
		};
		180DBF1F1EDD28CC00AB7201 /* Release */ = {
			isa = XCBuildConfiguration;
			baseConfigurationReference = 35B14B1DAA736DA0993D4D05 /* Pods-SmartWork.release.xcconfig */;
			buildSettings = {
				ASSETCATALOG_COMPILER_APPICON_NAME = AppIcon;
				CLANG_ENABLE_MODULES = YES;
				FRAMEWORK_SEARCH_PATHS = (
					"$(inherited)",
					"\"$PODS_CONFIGURATION_BUILD_DIR/Alamofire\"",
					"\"$PODS_CONFIGURATION_BUILD_DIR/Kingfisher\"",
					"\"$PODS_CONFIGURATION_BUILD_DIR/MBProgressHUD\"",
					"\"$PODS_CONFIGURATION_BUILD_DIR/SwiftyJSON\"",
					"$(PROJECT_DIR)/SmartWork/Lib3",
				);
				INFOPLIST_FILE = SmartWork/Info.plist;
				IPHONEOS_DEPLOYMENT_TARGET = 8.0;
				LD_RUNPATH_SEARCH_PATHS = "$(inherited) @executable_path/Frameworks";
				OTHER_LDFLAGS = (
					"$(inherited)",
					"-ObjC",
					"-l\"WeChatSDK\"",
					"-l\"c++\"",
					"-l\"sqlite3.0\"",
					"-l\"z\"",
					"-framework",
					"\"Alamofire\"",
					"-framework",
					"\"CFNetwork\"",
					"-framework",
					"\"CoreTelephony\"",
					"-framework",
					"\"FMDB\"",
					"-framework",
					"\"HandyJSON\"",
					"-framework",
					"\"Kingfisher\"",
					"-framework",
					"\"LKDBHelper\"",
					"-framework",
					"\"MBProgressHUD\"",
					"-framework",
					"\"Moya\"",
					"-framework",
					"\"Result\"",
					"-framework",
					"\"Security\"",
					"-framework",
					"\"SwiftyJSON\"",
					"-framework",
					"\"SystemConfiguration\"",
					"-framework",
					"\"UIKit\"",
					"-fobjc-arc",
				);
				PRODUCT_BUNDLE_IDENTIFIER = com.Batman.SmartDo;
				PRODUCT_NAME = "$(TARGET_NAME)";
				SWIFT_OBJC_BRIDGING_HEADER = "SmartWork/Public/SmartWork-Bridging-Header.h";
				SWIFT_VERSION = 3.0;
				USER_HEADER_SEARCH_PATHS = "$(PODS_ROOT)/**";
			};
			name = Release;
		};
		180DBF211EDD28CC00AB7201 /* Debug */ = {
			isa = XCBuildConfiguration;
			buildSettings = {
				ALWAYS_EMBED_SWIFT_STANDARD_LIBRARIES = YES;
				BUNDLE_LOADER = "$(TEST_HOST)";
				INFOPLIST_FILE = SmartWorkTests/Info.plist;
				LD_RUNPATH_SEARCH_PATHS = "$(inherited) @executable_path/Frameworks @loader_path/Frameworks";
				PRODUCT_BUNDLE_IDENTIFIER = com.Batman.SmartWorkTests;
				PRODUCT_NAME = "$(TARGET_NAME)";
				SWIFT_VERSION = 3.0;
				TEST_HOST = "$(BUILT_PRODUCTS_DIR)/SmartWork.app/SmartWork";
			};
			name = Debug;
		};
		180DBF221EDD28CC00AB7201 /* Release */ = {
			isa = XCBuildConfiguration;
			buildSettings = {
				ALWAYS_EMBED_SWIFT_STANDARD_LIBRARIES = YES;
				BUNDLE_LOADER = "$(TEST_HOST)";
				INFOPLIST_FILE = SmartWorkTests/Info.plist;
				LD_RUNPATH_SEARCH_PATHS = "$(inherited) @executable_path/Frameworks @loader_path/Frameworks";
				PRODUCT_BUNDLE_IDENTIFIER = com.Batman.SmartWorkTests;
				PRODUCT_NAME = "$(TARGET_NAME)";
				SWIFT_VERSION = 3.0;
				TEST_HOST = "$(BUILT_PRODUCTS_DIR)/SmartWork.app/SmartWork";
			};
			name = Release;
		};
		180DBF241EDD28CC00AB7201 /* Debug */ = {
			isa = XCBuildConfiguration;
			buildSettings = {
				ALWAYS_EMBED_SWIFT_STANDARD_LIBRARIES = YES;
				INFOPLIST_FILE = SmartWorkUITests/Info.plist;
				LD_RUNPATH_SEARCH_PATHS = "$(inherited) @executable_path/Frameworks @loader_path/Frameworks";
				PRODUCT_BUNDLE_IDENTIFIER = com.Batman.SmartWorkUITests;
				PRODUCT_NAME = "$(TARGET_NAME)";
				SWIFT_VERSION = 3.0;
				TEST_TARGET_NAME = SmartWork;
			};
			name = Debug;
		};
		180DBF251EDD28CC00AB7201 /* Release */ = {
			isa = XCBuildConfiguration;
			buildSettings = {
				ALWAYS_EMBED_SWIFT_STANDARD_LIBRARIES = YES;
				INFOPLIST_FILE = SmartWorkUITests/Info.plist;
				LD_RUNPATH_SEARCH_PATHS = "$(inherited) @executable_path/Frameworks @loader_path/Frameworks";
				PRODUCT_BUNDLE_IDENTIFIER = com.Batman.SmartWorkUITests;
				PRODUCT_NAME = "$(TARGET_NAME)";
				SWIFT_VERSION = 3.0;
				TEST_TARGET_NAME = SmartWork;
			};
			name = Release;
		};
/* End XCBuildConfiguration section */

/* Begin XCConfigurationList section */
		180DBEF01EDD28CC00AB7201 /* Build configuration list for PBXProject "SmartWork" */ = {
			isa = XCConfigurationList;
			buildConfigurations = (
				180DBF1B1EDD28CC00AB7201 /* Debug */,
				180DBF1C1EDD28CC00AB7201 /* Release */,
			);
			defaultConfigurationIsVisible = 0;
			defaultConfigurationName = Release;
		};
		180DBF1D1EDD28CC00AB7201 /* Build configuration list for PBXNativeTarget "SmartWork" */ = {
			isa = XCConfigurationList;
			buildConfigurations = (
				180DBF1E1EDD28CC00AB7201 /* Debug */,
				180DBF1F1EDD28CC00AB7201 /* Release */,
			);
			defaultConfigurationIsVisible = 0;
			defaultConfigurationName = Release;
		};
		180DBF201EDD28CC00AB7201 /* Build configuration list for PBXNativeTarget "SmartWorkTests" */ = {
			isa = XCConfigurationList;
			buildConfigurations = (
				180DBF211EDD28CC00AB7201 /* Debug */,
				180DBF221EDD28CC00AB7201 /* Release */,
			);
			defaultConfigurationIsVisible = 0;
			defaultConfigurationName = Release;
		};
		180DBF231EDD28CC00AB7201 /* Build configuration list for PBXNativeTarget "SmartWorkUITests" */ = {
			isa = XCConfigurationList;
			buildConfigurations = (
				180DBF241EDD28CC00AB7201 /* Debug */,
				180DBF251EDD28CC00AB7201 /* Release */,
			);
			defaultConfigurationIsVisible = 0;
			defaultConfigurationName = Release;
		};
/* End XCConfigurationList section */
	};
	rootObject = 180DBEED1EDD28CC00AB7201 /* Project object */;
}
